// !$*UTF8*$!
{
	archiveVersion = 1;
	classes = {
	};
	objectVersion = 56;
	objects = {

/* Begin PBXBuildFile section */
		9D41E60128F71B9F0029AECF /* FollowerListVC.swift in Sources */ = {isa = PBXBuildFile; fileRef = 9D41E60028F71B9F0029AECF /* FollowerListVC.swift */; };
		9D41E60328F720110029AECF /* UsernameValidator.swift in Sources */ = {isa = PBXBuildFile; fileRef = 9D41E60228F720110029AECF /* UsernameValidator.swift */; };
		9D41E60528F72CB20029AECF /* GFTitleLabel.swift in Sources */ = {isa = PBXBuildFile; fileRef = 9D41E60428F72CB20029AECF /* GFTitleLabel.swift */; };
		9D41E60728F72E680029AECF /* GFBodyLabel.swift in Sources */ = {isa = PBXBuildFile; fileRef = 9D41E60628F72E680029AECF /* GFBodyLabel.swift */; };
		9D41E60928F72FD60029AECF /* GFAlertVC.swift in Sources */ = {isa = PBXBuildFile; fileRef = 9D41E60828F72FD60029AECF /* GFAlertVC.swift */; };
		9D41E60B28F746510029AECF /* UIViewController+Alert.swift in Sources */ = {isa = PBXBuildFile; fileRef = 9D41E60A28F746510029AECF /* UIViewController+Alert.swift */; };
		9D41E60D28F74B860029AECF /* GFDialogView.swift in Sources */ = {isa = PBXBuildFile; fileRef = 9D41E60C28F74B860029AECF /* GFDialogView.swift */; };
		9D8B605228DF47130064148E /* AppDelegate.swift in Sources */ = {isa = PBXBuildFile; fileRef = 9D8B605128DF47130064148E /* AppDelegate.swift */; };
		9D8B605428DF47130064148E /* SceneDelegate.swift in Sources */ = {isa = PBXBuildFile; fileRef = 9D8B605328DF47130064148E /* SceneDelegate.swift */; };
		9D8B605928DF47130064148E /* Main.storyboard in Resources */ = {isa = PBXBuildFile; fileRef = 9D8B605728DF47130064148E /* Main.storyboard */; };
		9D8B605B28DF47140064148E /* Assets.xcassets in Resources */ = {isa = PBXBuildFile; fileRef = 9D8B605A28DF47140064148E /* Assets.xcassets */; };
		9D8B605E28DF47140064148E /* LaunchScreen.storyboard in Resources */ = {isa = PBXBuildFile; fileRef = 9D8B605C28DF47140064148E /* LaunchScreen.storyboard */; };
		9D8B606628DF53D00064148E /* SearchVC.swift in Sources */ = {isa = PBXBuildFile; fileRef = 9D8B606528DF53D00064148E /* SearchVC.swift */; };
		9D8B606828DF53F20064148E /* FavoritesListVC.swift in Sources */ = {isa = PBXBuildFile; fileRef = 9D8B606728DF53F20064148E /* FavoritesListVC.swift */; };
		9D8B606A28DF95F20064148E /* GFButton.swift in Sources */ = {isa = PBXBuildFile; fileRef = 9D8B606928DF95F20064148E /* GFButton.swift */; };
		9D8B606C28DF98D00064148E /* GFTextField.swift in Sources */ = {isa = PBXBuildFile; fileRef = 9D8B606B28DF98D00064148E /* GFTextField.swift */; };
		9DC12F442912F87F00AE0528 /* .swiftlint.yml in Resources */ = {isa = PBXBuildFile; fileRef = 9DC12F432912F87F00AE0528 /* .swiftlint.yml */; };
		9DC12F472912FE1700AE0528 /* UIImage+.swift in Sources */ = {isa = PBXBuildFile; fileRef = 9DC12F462912FE1700AE0528 /* UIImage+.swift */; };
		9DC12F4A2913255600AE0528 /* NetworkManager.swift in Sources */ = {isa = PBXBuildFile; fileRef = 9DC12F492913255600AE0528 /* NetworkManager.swift */; };
		9DC12F4D291333C900AE0528 /* GFError.swift in Sources */ = {isa = PBXBuildFile; fileRef = 9DC12F4C291333C900AE0528 /* GFError.swift */; };
		9DC12F50291352F900AE0528 /* FollowerCell.swift in Sources */ = {isa = PBXBuildFile; fileRef = 9DC12F4F291352F900AE0528 /* FollowerCell.swift */; };
		9DC12F522913541A00AE0528 /* GFAvatarImageView.swift in Sources */ = {isa = PBXBuildFile; fileRef = 9DC12F512913541A00AE0528 /* GFAvatarImageView.swift */; };
		9DC12F542913674E00AE0528 /* UIHelpers.swift in Sources */ = {isa = PBXBuildFile; fileRef = 9DC12F532913674E00AE0528 /* UIHelpers.swift */; };
		9DD7A9C028FA53E1006F8B8A /* Follower.swift in Sources */ = {isa = PBXBuildFile; fileRef = 9DD7A9BF28FA53E1006F8B8A /* Follower.swift */; };
		9DD7A9C228FA544C006F8B8A /* User.swift in Sources */ = {isa = PBXBuildFile; fileRef = 9DD7A9C128FA544C006F8B8A /* User.swift */; };
/* End PBXBuildFile section */

/* Begin PBXFileReference section */
		9D41E60028F71B9F0029AECF /* FollowerListVC.swift */ = {isa = PBXFileReference; lastKnownFileType = sourcecode.swift; path = FollowerListVC.swift; sourceTree = "<group>"; };
		9D41E60228F720110029AECF /* UsernameValidator.swift */ = {isa = PBXFileReference; lastKnownFileType = sourcecode.swift; path = UsernameValidator.swift; sourceTree = "<group>"; };
		9D41E60428F72CB20029AECF /* GFTitleLabel.swift */ = {isa = PBXFileReference; lastKnownFileType = sourcecode.swift; path = GFTitleLabel.swift; sourceTree = "<group>"; };
		9D41E60628F72E680029AECF /* GFBodyLabel.swift */ = {isa = PBXFileReference; lastKnownFileType = sourcecode.swift; path = GFBodyLabel.swift; sourceTree = "<group>"; };
		9D41E60828F72FD60029AECF /* GFAlertVC.swift */ = {isa = PBXFileReference; lastKnownFileType = sourcecode.swift; path = GFAlertVC.swift; sourceTree = "<group>"; };
		9D41E60A28F746510029AECF /* UIViewController+Alert.swift */ = {isa = PBXFileReference; lastKnownFileType = sourcecode.swift; path = "UIViewController+Alert.swift"; sourceTree = "<group>"; };
		9D41E60C28F74B860029AECF /* GFDialogView.swift */ = {isa = PBXFileReference; lastKnownFileType = sourcecode.swift; path = GFDialogView.swift; sourceTree = "<group>"; };
		9D8B604E28DF47130064148E /* GHFollowers.app */ = {isa = PBXFileReference; explicitFileType = wrapper.application; includeInIndex = 0; path = GHFollowers.app; sourceTree = BUILT_PRODUCTS_DIR; };
		9D8B605128DF47130064148E /* AppDelegate.swift */ = {isa = PBXFileReference; lastKnownFileType = sourcecode.swift; path = AppDelegate.swift; sourceTree = "<group>"; };
		9D8B605328DF47130064148E /* SceneDelegate.swift */ = {isa = PBXFileReference; lastKnownFileType = sourcecode.swift; path = SceneDelegate.swift; sourceTree = "<group>"; };
		9D8B605828DF47130064148E /* Base */ = {isa = PBXFileReference; lastKnownFileType = file.storyboard; name = Base; path = Base.lproj/Main.storyboard; sourceTree = "<group>"; };
		9D8B605A28DF47140064148E /* Assets.xcassets */ = {isa = PBXFileReference; lastKnownFileType = folder.assetcatalog; path = Assets.xcassets; sourceTree = "<group>"; };
		9D8B605D28DF47140064148E /* Base */ = {isa = PBXFileReference; lastKnownFileType = file.storyboard; name = Base; path = Base.lproj/LaunchScreen.storyboard; sourceTree = "<group>"; };
		9D8B605F28DF47140064148E /* Info.plist */ = {isa = PBXFileReference; lastKnownFileType = text.plist.xml; path = Info.plist; sourceTree = "<group>"; };
		9D8B606528DF53D00064148E /* SearchVC.swift */ = {isa = PBXFileReference; lastKnownFileType = sourcecode.swift; path = SearchVC.swift; sourceTree = "<group>"; };
		9D8B606728DF53F20064148E /* FavoritesListVC.swift */ = {isa = PBXFileReference; lastKnownFileType = sourcecode.swift; path = FavoritesListVC.swift; sourceTree = "<group>"; };
		9D8B606928DF95F20064148E /* GFButton.swift */ = {isa = PBXFileReference; lastKnownFileType = sourcecode.swift; path = GFButton.swift; sourceTree = "<group>"; };
		9D8B606B28DF98D00064148E /* GFTextField.swift */ = {isa = PBXFileReference; lastKnownFileType = sourcecode.swift; path = GFTextField.swift; sourceTree = "<group>"; };
		9DC12F432912F87F00AE0528 /* .swiftlint.yml */ = {isa = PBXFileReference; lastKnownFileType = text.yaml; path = .swiftlint.yml; sourceTree = SOURCE_ROOT; };
		9DC12F462912FE1700AE0528 /* UIImage+.swift */ = {isa = PBXFileReference; lastKnownFileType = sourcecode.swift; path = "UIImage+.swift"; sourceTree = "<group>"; };
		9DC12F492913255600AE0528 /* NetworkManager.swift */ = {isa = PBXFileReference; lastKnownFileType = sourcecode.swift; path = NetworkManager.swift; sourceTree = "<group>"; };
		9DC12F4C291333C900AE0528 /* GFError.swift */ = {isa = PBXFileReference; lastKnownFileType = sourcecode.swift; path = GFError.swift; sourceTree = "<group>"; };
		9DC12F4F291352F900AE0528 /* FollowerCell.swift */ = {isa = PBXFileReference; lastKnownFileType = sourcecode.swift; path = FollowerCell.swift; sourceTree = "<group>"; };
		9DC12F512913541A00AE0528 /* GFAvatarImageView.swift */ = {isa = PBXFileReference; lastKnownFileType = sourcecode.swift; path = GFAvatarImageView.swift; sourceTree = "<group>"; };
		9DC12F532913674E00AE0528 /* UIHelpers.swift */ = {isa = PBXFileReference; lastKnownFileType = sourcecode.swift; path = UIHelpers.swift; sourceTree = "<group>"; };
		9DD7A9BF28FA53E1006F8B8A /* Follower.swift */ = {isa = PBXFileReference; lastKnownFileType = sourcecode.swift; path = Follower.swift; sourceTree = "<group>"; };
		9DD7A9C128FA544C006F8B8A /* User.swift */ = {isa = PBXFileReference; lastKnownFileType = sourcecode.swift; path = User.swift; sourceTree = "<group>"; };
/* End PBXFileReference section */

/* Begin PBXFrameworksBuildPhase section */
		9D8B604B28DF47130064148E /* Frameworks */ = {
			isa = PBXFrameworksBuildPhase;
			buildActionMask = 2147483647;
			files = (
			);
			runOnlyForDeploymentPostprocessing = 0;
		};
/* End PBXFrameworksBuildPhase section */

/* Begin PBXGroup section */
		9D8B604528DF47130064148E = {
			isa = PBXGroup;
			children = (
				9D8B605028DF47130064148E /* GHFollowers */,
				9D8B604F28DF47130064148E /* Products */,
			);
			sourceTree = "<group>";
		};
		9D8B604F28DF47130064148E /* Products */ = {
			isa = PBXGroup;
			children = (
				9D8B604E28DF47130064148E /* GHFollowers.app */,
			);
			name = Products;
			sourceTree = "<group>";
		};
		9D8B605028DF47130064148E /* GHFollowers */ = {
			isa = PBXGroup;
			children = (
				9DC12F4B291333BB00AE0528 /* Utilities */,
				9DC12F482913254A00AE0528 /* Managers */,
				9DD7A9BE28FA53D4006F8B8A /* Models */,
				9DD7A9BD28FA4F13006F8B8A /* Helpers */,
				9DD7A9BA28FA4E45006F8B8A /* Custom Views */,
				9DD7A9B928FA4E0F006F8B8A /* Screens */,
				9DD7A9BC28FA4EE2006F8B8A /* Support */,
				9D8B605F28DF47140064148E /* Info.plist */,
				9DC12F432912F87F00AE0528 /* .swiftlint.yml */,
			);
			path = GHFollowers;
			sourceTree = "<group>";
		};
		9DC12F482913254A00AE0528 /* Managers */ = {
			isa = PBXGroup;
			children = (
				9DC12F492913255600AE0528 /* NetworkManager.swift */,
			);
			path = Managers;
			sourceTree = "<group>";
		};
		9DC12F4B291333BB00AE0528 /* Utilities */ = {
			isa = PBXGroup;
			children = (
				9DC12F4C291333C900AE0528 /* GFError.swift */,
				9DC12F532913674E00AE0528 /* UIHelpers.swift */,
			);
			path = Utilities;
			sourceTree = "<group>";
		};
		9DC12F4E291352E100AE0528 /* Cells */ = {
			isa = PBXGroup;
			children = (
				9DC12F4F291352F900AE0528 /* FollowerCell.swift */,
			);
			path = Cells;
			sourceTree = "<group>";
		};
		9DD7A9B928FA4E0F006F8B8A /* Screens */ = {
			isa = PBXGroup;
			children = (
				9D8B606728DF53F20064148E /* FavoritesListVC.swift */,
				9D41E60028F71B9F0029AECF /* FollowerListVC.swift */,
				9D8B606528DF53D00064148E /* SearchVC.swift */,
			);
			path = Screens;
			sourceTree = "<group>";
		};
		9DD7A9BA28FA4E45006F8B8A /* Custom Views */ = {
			isa = PBXGroup;
			children = (
				9DC12F4E291352E100AE0528 /* Cells */,
				9D41E60828F72FD60029AECF /* GFAlertVC.swift */,
				9D41E60628F72E680029AECF /* GFBodyLabel.swift */,
				9D8B606928DF95F20064148E /* GFButton.swift */,
				9D41E60C28F74B860029AECF /* GFDialogView.swift */,
				9D8B606B28DF98D00064148E /* GFTextField.swift */,
				9D41E60428F72CB20029AECF /* GFTitleLabel.swift */,
				9DC12F512913541A00AE0528 /* GFAvatarImageView.swift */,
			);
			path = "Custom Views";
			sourceTree = "<group>";
		};
		9DD7A9BB28FA4E8A006F8B8A /* Extensions */ = {
			isa = PBXGroup;
			children = (
				9D41E60A28F746510029AECF /* UIViewController+Alert.swift */,
				9DC12F462912FE1700AE0528 /* UIImage+.swift */,
			);
			path = Extensions;
			sourceTree = "<group>";
		};
		9DD7A9BC28FA4EE2006F8B8A /* Support */ = {
			isa = PBXGroup;
			children = (
				9D8B605128DF47130064148E /* AppDelegate.swift */,
				9D8B605328DF47130064148E /* SceneDelegate.swift */,
				9D8B605728DF47130064148E /* Main.storyboard */,
				9D8B605C28DF47140064148E /* LaunchScreen.storyboard */,
				9D8B605A28DF47140064148E /* Assets.xcassets */,
			);
			path = Support;
			sourceTree = "<group>";
		};
		9DD7A9BD28FA4F13006F8B8A /* Helpers */ = {
			isa = PBXGroup;
			children = (
				9DD7A9BB28FA4E8A006F8B8A /* Extensions */,
				9D41E60228F720110029AECF /* UsernameValidator.swift */,
			);
			path = Helpers;
			sourceTree = "<group>";
		};
		9DD7A9BE28FA53D4006F8B8A /* Models */ = {
			isa = PBXGroup;
			children = (
				9DD7A9BF28FA53E1006F8B8A /* Follower.swift */,
				9DD7A9C128FA544C006F8B8A /* User.swift */,
			);
			path = Models;
			sourceTree = "<group>";
		};
/* End PBXGroup section */

/* Begin PBXNativeTarget section */
		9D8B604D28DF47130064148E /* GHFollowers */ = {
			isa = PBXNativeTarget;
			buildConfigurationList = 9D8B606228DF47140064148E /* Build configuration list for PBXNativeTarget "GHFollowers" */;
			buildPhases = (
				9D8B604A28DF47130064148E /* Sources */,
				9D8B604B28DF47130064148E /* Frameworks */,
				9D8B604C28DF47130064148E /* Resources */,
				9DC12F452912F8C100AE0528 /* Lint Sources */,
			);
			buildRules = (
			);
			dependencies = (
			);
			name = GHFollowers;
			productName = GHFollowers;
			productReference = 9D8B604E28DF47130064148E /* GHFollowers.app */;
			productType = "com.apple.product-type.application";
		};
/* End PBXNativeTarget section */

/* Begin PBXProject section */
		9D8B604628DF47130064148E /* Project object */ = {
			isa = PBXProject;
			attributes = {
				BuildIndependentTargetsInParallel = 1;
				LastSwiftUpdateCheck = 1400;
				LastUpgradeCheck = 1400;
				TargetAttributes = {
					9D8B604D28DF47130064148E = {
						CreatedOnToolsVersion = 14.0;
					};
				};
			};
			buildConfigurationList = 9D8B604928DF47130064148E /* Build configuration list for PBXProject "GHFollowers" */;
			compatibilityVersion = "Xcode 14.0";
			developmentRegion = en;
			hasScannedForEncodings = 0;
			knownRegions = (
				en,
				Base,
			);
			mainGroup = 9D8B604528DF47130064148E;
			productRefGroup = 9D8B604F28DF47130064148E /* Products */;
			projectDirPath = "";
			projectRoot = "";
			targets = (
				9D8B604D28DF47130064148E /* GHFollowers */,
			);
		};
/* End PBXProject section */

/* Begin PBXResourcesBuildPhase section */
		9D8B604C28DF47130064148E /* Resources */ = {
			isa = PBXResourcesBuildPhase;
			buildActionMask = 2147483647;
			files = (
				9DC12F442912F87F00AE0528 /* .swiftlint.yml in Resources */,
				9D8B605E28DF47140064148E /* LaunchScreen.storyboard in Resources */,
				9D8B605B28DF47140064148E /* Assets.xcassets in Resources */,
				9D8B605928DF47130064148E /* Main.storyboard in Resources */,
			);
			runOnlyForDeploymentPostprocessing = 0;
		};
/* End PBXResourcesBuildPhase section */

/* Begin PBXShellScriptBuildPhase section */
		9DC12F452912F8C100AE0528 /* Lint Sources */ = {
			isa = PBXShellScriptBuildPhase;
			alwaysOutOfDate = 1;
			buildActionMask = 2147483647;
			files = (
			);
			inputFileListPaths = (
			);
			inputPaths = (
			);
			name = "Lint Sources";
			outputFileListPaths = (
			);
			outputPaths = (
			);
			runOnlyForDeploymentPostprocessing = 0;
			shellPath = /bin/sh;
			shellScript = "if which swiftlint >/dev/null; then\n    swiftlint lint --fix --no-cache --config ./.swiftlint.yml && \\ \n    swiftlint lint --no-cache --config ./.swiftlint.yml\nelse\n    echo \"warning: SwiftLint not installed\"\nfi\n";
		};
/* End PBXShellScriptBuildPhase section */

/* Begin PBXSourcesBuildPhase section */
		9D8B604A28DF47130064148E /* Sources */ = {
			isa = PBXSourcesBuildPhase;
			buildActionMask = 2147483647;
			files = (
				9D41E60328F720110029AECF /* UsernameValidator.swift in Sources */,
				9D8B606C28DF98D00064148E /* GFTextField.swift in Sources */,
				9D8B606828DF53F20064148E /* FavoritesListVC.swift in Sources */,
				9DC12F50291352F900AE0528 /* FollowerCell.swift in Sources */,
				9D41E60B28F746510029AECF /* UIViewController+Alert.swift in Sources */,
				9DC12F4D291333C900AE0528 /* GFError.swift in Sources */,
				9D8B606A28DF95F20064148E /* GFButton.swift in Sources */,
				9DC12F472912FE1700AE0528 /* UIImage+.swift in Sources */,
				9D8B606628DF53D00064148E /* SearchVC.swift in Sources */,
				9DD7A9C028FA53E1006F8B8A /* Follower.swift in Sources */,
				9D41E60928F72FD60029AECF /* GFAlertVC.swift in Sources */,
				9DD7A9C228FA544C006F8B8A /* User.swift in Sources */,
				9DC12F4A2913255600AE0528 /* NetworkManager.swift in Sources */,
				9D41E60128F71B9F0029AECF /* FollowerListVC.swift in Sources */,
				9D41E60D28F74B860029AECF /* GFDialogView.swift in Sources */,
				9D41E60528F72CB20029AECF /* GFTitleLabel.swift in Sources */,
				9DC12F522913541A00AE0528 /* GFAvatarImageView.swift in Sources */,
				9D8B605228DF47130064148E /* AppDelegate.swift in Sources */,
				9D8B605428DF47130064148E /* SceneDelegate.swift in Sources */,
				9D41E60728F72E680029AECF /* GFBodyLabel.swift in Sources */,
				9DC12F542913674E00AE0528 /* UIHelpers.swift in Sources */,
			);
			runOnlyForDeploymentPostprocessing = 0;
		};
/* End PBXSourcesBuildPhase section */

/* Begin PBXVariantGroup section */
		9D8B605728DF47130064148E /* Main.storyboard */ = {
			isa = PBXVariantGroup;
			children = (
				9D8B605828DF47130064148E /* Base */,
			);
			name = Main.storyboard;
			sourceTree = "<group>";
		};
		9D8B605C28DF47140064148E /* LaunchScreen.storyboard */ = {
			isa = PBXVariantGroup;
			children = (
				9D8B605D28DF47140064148E /* Base */,
			);
			name = LaunchScreen.storyboard;
			sourceTree = "<group>";
		};
/* End PBXVariantGroup section */

/* Begin XCBuildConfiguration section */
		9D8B606028DF47140064148E /* Debug */ = {
			isa = XCBuildConfiguration;
			buildSettings = {
				ALWAYS_SEARCH_USER_PATHS = NO;
				CLANG_ANALYZER_NONNULL = YES;
				CLANG_ANALYZER_NUMBER_OBJECT_CONVERSION = YES_AGGRESSIVE;
				CLANG_CXX_LANGUAGE_STANDARD = "gnu++20";
				CLANG_ENABLE_MODULES = YES;
				CLANG_ENABLE_OBJC_ARC = YES;
				CLANG_ENABLE_OBJC_WEAK = YES;
				CLANG_WARN_BLOCK_CAPTURE_AUTORELEASING = YES;
				CLANG_WARN_BOOL_CONVERSION = YES;
				CLANG_WARN_COMMA = YES;
				CLANG_WARN_CONSTANT_CONVERSION = YES;
				CLANG_WARN_DEPRECATED_OBJC_IMPLEMENTATIONS = YES;
				CLANG_WARN_DIRECT_OBJC_ISA_USAGE = YES_ERROR;
				CLANG_WARN_DOCUMENTATION_COMMENTS = YES;
				CLANG_WARN_EMPTY_BODY = YES;
				CLANG_WARN_ENUM_CONVERSION = YES;
				CLANG_WARN_INFINITE_RECURSION = YES;
				CLANG_WARN_INT_CONVERSION = YES;
				CLANG_WARN_NON_LITERAL_NULL_CONVERSION = YES;
				CLANG_WARN_OBJC_IMPLICIT_RETAIN_SELF = YES;
				CLANG_WARN_OBJC_LITERAL_CONVERSION = YES;
				CLANG_WARN_OBJC_ROOT_CLASS = YES_ERROR;
				CLANG_WARN_QUOTED_INCLUDE_IN_FRAMEWORK_HEADER = YES;
				CLANG_WARN_RANGE_LOOP_ANALYSIS = YES;
				CLANG_WARN_STRICT_PROTOTYPES = YES;
				CLANG_WARN_SUSPICIOUS_MOVE = YES;
				CLANG_WARN_UNGUARDED_AVAILABILITY = YES_AGGRESSIVE;
				CLANG_WARN_UNREACHABLE_CODE = YES;
				CLANG_WARN__DUPLICATE_METHOD_MATCH = YES;
				COPY_PHASE_STRIP = NO;
				DEBUG_INFORMATION_FORMAT = dwarf;
				ENABLE_STRICT_OBJC_MSGSEND = YES;
				ENABLE_TESTABILITY = YES;
				GCC_C_LANGUAGE_STANDARD = gnu11;
				GCC_DYNAMIC_NO_PIC = NO;
				GCC_NO_COMMON_BLOCKS = YES;
				GCC_OPTIMIZATION_LEVEL = 0;
				GCC_PREPROCESSOR_DEFINITIONS = (
					"DEBUG=1",
					"$(inherited)",
				);
				GCC_WARN_64_TO_32_BIT_CONVERSION = YES;
				GCC_WARN_ABOUT_RETURN_TYPE = YES_ERROR;
				GCC_WARN_UNDECLARED_SELECTOR = YES;
				GCC_WARN_UNINITIALIZED_AUTOS = YES_AGGRESSIVE;
				GCC_WARN_UNUSED_FUNCTION = YES;
				GCC_WARN_UNUSED_VARIABLE = YES;
				IPHONEOS_DEPLOYMENT_TARGET = 13.2;
				MTL_ENABLE_DEBUG_INFO = INCLUDE_SOURCE;
				MTL_FAST_MATH = YES;
				ONLY_ACTIVE_ARCH = YES;
				SDKROOT = iphoneos;
				SWIFT_ACTIVE_COMPILATION_CONDITIONS = DEBUG;
				SWIFT_OPTIMIZATION_LEVEL = "-Onone";
			};
			name = Debug;
		};
		9D8B606128DF47140064148E /* Release */ = {
			isa = XCBuildConfiguration;
			buildSettings = {
				ALWAYS_SEARCH_USER_PATHS = NO;
				CLANG_ANALYZER_NONNULL = YES;
				CLANG_ANALYZER_NUMBER_OBJECT_CONVERSION = YES_AGGRESSIVE;
				CLANG_CXX_LANGUAGE_STANDARD = "gnu++20";
				CLANG_ENABLE_MODULES = YES;
				CLANG_ENABLE_OBJC_ARC = YES;
				CLANG_ENABLE_OBJC_WEAK = YES;
				CLANG_WARN_BLOCK_CAPTURE_AUTORELEASING = YES;
				CLANG_WARN_BOOL_CONVERSION = YES;
				CLANG_WARN_COMMA = YES;
				CLANG_WARN_CONSTANT_CONVERSION = YES;
				CLANG_WARN_DEPRECATED_OBJC_IMPLEMENTATIONS = YES;
				CLANG_WARN_DIRECT_OBJC_ISA_USAGE = YES_ERROR;
				CLANG_WARN_DOCUMENTATION_COMMENTS = YES;
				CLANG_WARN_EMPTY_BODY = YES;
				CLANG_WARN_ENUM_CONVERSION = YES;
				CLANG_WARN_INFINITE_RECURSION = YES;
				CLANG_WARN_INT_CONVERSION = YES;
				CLANG_WARN_NON_LITERAL_NULL_CONVERSION = YES;
				CLANG_WARN_OBJC_IMPLICIT_RETAIN_SELF = YES;
				CLANG_WARN_OBJC_LITERAL_CONVERSION = YES;
				CLANG_WARN_OBJC_ROOT_CLASS = YES_ERROR;
				CLANG_WARN_QUOTED_INCLUDE_IN_FRAMEWORK_HEADER = YES;
				CLANG_WARN_RANGE_LOOP_ANALYSIS = YES;
				CLANG_WARN_STRICT_PROTOTYPES = YES;
				CLANG_WARN_SUSPICIOUS_MOVE = YES;
				CLANG_WARN_UNGUARDED_AVAILABILITY = YES_AGGRESSIVE;
				CLANG_WARN_UNREACHABLE_CODE = YES;
				CLANG_WARN__DUPLICATE_METHOD_MATCH = YES;
				COPY_PHASE_STRIP = NO;
				DEBUG_INFORMATION_FORMAT = "dwarf-with-dsym";
				ENABLE_NS_ASSERTIONS = NO;
				ENABLE_STRICT_OBJC_MSGSEND = YES;
				GCC_C_LANGUAGE_STANDARD = gnu11;
				GCC_NO_COMMON_BLOCKS = YES;
				GCC_WARN_64_TO_32_BIT_CONVERSION = YES;
				GCC_WARN_ABOUT_RETURN_TYPE = YES_ERROR;
				GCC_WARN_UNDECLARED_SELECTOR = YES;
				GCC_WARN_UNINITIALIZED_AUTOS = YES_AGGRESSIVE;
				GCC_WARN_UNUSED_FUNCTION = YES;
				GCC_WARN_UNUSED_VARIABLE = YES;
				IPHONEOS_DEPLOYMENT_TARGET = 13.2;
				MTL_ENABLE_DEBUG_INFO = NO;
				MTL_FAST_MATH = YES;
				SDKROOT = iphoneos;
				SWIFT_COMPILATION_MODE = wholemodule;
				SWIFT_OPTIMIZATION_LEVEL = "-O";
				VALIDATE_PRODUCT = YES;
			};
			name = Release;
		};
		9D8B606328DF47140064148E /* Debug */ = {
			isa = XCBuildConfiguration;
			buildSettings = {
				ASSETCATALOG_COMPILER_APPICON_NAME = AppIcon;
				ASSETCATALOG_COMPILER_GLOBAL_ACCENT_COLOR_NAME = AccentColor;
				CODE_SIGN_STYLE = Automatic;
				CURRENT_PROJECT_VERSION = 1;
				DEVELOPMENT_TEAM = P54V35B2G5;
				GENERATE_INFOPLIST_FILE = YES;
				INFOPLIST_FILE = GHFollowers/Info.plist;
				INFOPLIST_KEY_UIApplicationSupportsIndirectInputEvents = YES;
				INFOPLIST_KEY_UILaunchStoryboardName = LaunchScreen;
				INFOPLIST_KEY_UIMainStoryboardFile = Main;
				INFOPLIST_KEY_UISupportedInterfaceOrientations = UIInterfaceOrientationPortrait;
				INFOPLIST_KEY_UISupportedInterfaceOrientations_iPad = "UIInterfaceOrientationLandscapeLeft UIInterfaceOrientationLandscapeRight UIInterfaceOrientationPortrait UIInterfaceOrientationPortraitUpsideDown";
				IPHONEOS_DEPLOYMENT_TARGET = 13.2;
				LD_RUNPATH_SEARCH_PATHS = (
					"$(inherited)",
					"@executable_path/Frameworks",
				);
				MARKETING_VERSION = 1.0;
				PRODUCT_BUNDLE_IDENTIFIER = com.allanamaral.GHFollowers;
				PRODUCT_NAME = "$(TARGET_NAME)";
				SUPPORTED_PLATFORMS = "iphoneos iphonesimulator";
				SUPPORTS_MACCATALYST = NO;
				SUPPORTS_MAC_DESIGNED_FOR_IPHONE_IPAD = NO;
				SWIFT_EMIT_LOC_STRINGS = YES;
				SWIFT_VERSION = 5.0;
				TARGETED_DEVICE_FAMILY = 1;
			};
			name = Debug;
		};
		9D8B606428DF47140064148E /* Release */ = {
			isa = XCBuildConfiguration;
			buildSettings = {
				ASSETCATALOG_COMPILER_APPICON_NAME = AppIcon;
				ASSETCATALOG_COMPILER_GLOBAL_ACCENT_COLOR_NAME = AccentColor;
				CODE_SIGN_STYLE = Automatic;
				CURRENT_PROJECT_VERSION = 1;
				DEVELOPMENT_TEAM = P54V35B2G5;
				GENERATE_INFOPLIST_FILE = YES;
				INFOPLIST_FILE = GHFollowers/Info.plist;
				INFOPLIST_KEY_UIApplicationSupportsIndirectInputEvents = YES;
				INFOPLIST_KEY_UILaunchStoryboardName = LaunchScreen;
				INFOPLIST_KEY_UIMainStoryboardFile = Main;
				INFOPLIST_KEY_UISupportedInterfaceOrientations = UIInterfaceOrientationPortrait;
				INFOPLIST_KEY_UISupportedInterfaceOrientations_iPad = "UIInterfaceOrientationLandscapeLeft UIInterfaceOrientationLandscapeRight UIInterfaceOrientationPortrait UIInterfaceOrientationPortraitUpsideDown";
				IPHONEOS_DEPLOYMENT_TARGET = 13.2;
				LD_RUNPATH_SEARCH_PATHS = (
					"$(inherited)",
					"@executable_path/Frameworks",
				);
				MARKETING_VERSION = 1.0;
				PRODUCT_BUNDLE_IDENTIFIER = com.allanamaral.GHFollowers;
				PRODUCT_NAME = "$(TARGET_NAME)";
				SUPPORTED_PLATFORMS = "iphoneos iphonesimulator";
				SUPPORTS_MACCATALYST = NO;
				SUPPORTS_MAC_DESIGNED_FOR_IPHONE_IPAD = NO;
				SWIFT_EMIT_LOC_STRINGS = YES;
				SWIFT_VERSION = 5.0;
				TARGETED_DEVICE_FAMILY = 1;
			};
			name = Release;
		};
/* End XCBuildConfiguration section */

/* Begin XCConfigurationList section */
		9D8B604928DF47130064148E /* Build configuration list for PBXProject "GHFollowers" */ = {
			isa = XCConfigurationList;
			buildConfigurations = (
				9D8B606028DF47140064148E /* Debug */,
				9D8B606128DF47140064148E /* Release */,
			);
			defaultConfigurationIsVisible = 0;
			defaultConfigurationName = Release;
		};
		9D8B606228DF47140064148E /* Build configuration list for PBXNativeTarget "GHFollowers" */ = {
			isa = XCConfigurationList;
			buildConfigurations = (
				9D8B606328DF47140064148E /* Debug */,
				9D8B606428DF47140064148E /* Release */,
			);
			defaultConfigurationIsVisible = 0;
			defaultConfigurationName = Release;
		};
/* End XCConfigurationList section */
	};
	rootObject = 9D8B604628DF47130064148E /* Project object */;
}
